// !$*UTF8*$!
{
	archiveVersion = 1;
	classes = {
	};
	objectVersion = 56;
	objects = {

/* Begin PBXBuildFile section */
		DC3DD8072B8E1393005F7D7E /* ChatService.swift in Sources */ = {isa = PBXBuildFile; fileRef = DC3DD8062B8E1393005F7D7E /* ChatService.swift */; };
		DC3DD80A2B8E1524005F7D7E /* Constants.swift in Sources */ = {isa = PBXBuildFile; fileRef = DC3DD8092B8E1524005F7D7E /* Constants.swift */; };
		DC40525F2B83B551008E2C96 /* InboxView.swift in Sources */ = {isa = PBXBuildFile; fileRef = DC40525E2B83B551008E2C96 /* InboxView.swift */; };
		DC4052622B83B76E008E2C96 /* ActiveNowView.swift in Sources */ = {isa = PBXBuildFile; fileRef = DC4052612B83B76E008E2C96 /* ActiveNowView.swift */; };
		DC4052642B83BC3E008E2C96 /* InboxRowView.swift in Sources */ = {isa = PBXBuildFile; fileRef = DC4052632B83BC3E008E2C96 /* InboxRowView.swift */; };
		DC4052672B83E33D008E2C96 /* NewMessageView.swift in Sources */ = {isa = PBXBuildFile; fileRef = DC4052662B83E33D008E2C96 /* NewMessageView.swift */; };
		DC476CF12B6A64D3001541AF /* MessengerTutorialApp.swift in Sources */ = {isa = PBXBuildFile; fileRef = DC476CF02B6A64D3001541AF /* MessengerTutorialApp.swift */; };
		DC476CF32B6A64D3001541AF /* ContentView.swift in Sources */ = {isa = PBXBuildFile; fileRef = DC476CF22B6A64D3001541AF /* ContentView.swift */; };
		DC476CF52B6A64D4001541AF /* Assets.xcassets in Resources */ = {isa = PBXBuildFile; fileRef = DC476CF42B6A64D4001541AF /* Assets.xcassets */; };
		DC476CF82B6A64D4001541AF /* Preview Assets.xcassets in Resources */ = {isa = PBXBuildFile; fileRef = DC476CF72B6A64D4001541AF /* Preview Assets.xcassets */; };
		DC476D072B6A6660001541AF /* LoginView.swift in Sources */ = {isa = PBXBuildFile; fileRef = DC476D062B6A6660001541AF /* LoginView.swift */; };
		DC9C55CD2B83EC4900560291 /* ProfileView.swift in Sources */ = {isa = PBXBuildFile; fileRef = DC9C55CC2B83EC4900560291 /* ProfileView.swift */; };
		DC9C55CF2B83F1F500560291 /* SettingsOptionsViewModel.swift in Sources */ = {isa = PBXBuildFile; fileRef = DC9C55CE2B83F1F500560291 /* SettingsOptionsViewModel.swift */; };
		DC9C55D12B84D61500560291 /* ProfileViewModel.swift in Sources */ = {isa = PBXBuildFile; fileRef = DC9C55D02B84D61500560291 /* ProfileViewModel.swift */; };
		DC9C55D32B85270E00560291 /* User.swift in Sources */ = {isa = PBXBuildFile; fileRef = DC9C55D22B85270E00560291 /* User.swift */; };
		DC9C55D62B854A2B00560291 /* CircularProfileImageView.swift in Sources */ = {isa = PBXBuildFile; fileRef = DC9C55D52B854A2B00560291 /* CircularProfileImageView.swift */; };
		DC9C55D92B85EF1000560291 /* ChatView.swift in Sources */ = {isa = PBXBuildFile; fileRef = DC9C55D82B85EF1000560291 /* ChatView.swift */; };
		DC9C55DB2B85F3B400560291 /* ChatMessageCell.swift in Sources */ = {isa = PBXBuildFile; fileRef = DC9C55DA2B85F3B400560291 /* ChatMessageCell.swift */; };
		DC9C55DD2B85FBE300560291 /* ChatBubble.swift in Sources */ = {isa = PBXBuildFile; fileRef = DC9C55DC2B85FBE300560291 /* ChatBubble.swift */; };
		DC9C55DF2B86036C00560291 /* GoogleService-Info.plist in Resources */ = {isa = PBXBuildFile; fileRef = DC9C55DE2B86036C00560291 /* GoogleService-Info.plist */; };
		DC9C55EE2B86049300560291 /* FirebaseAuth in Frameworks */ = {isa = PBXBuildFile; productRef = DC9C55ED2B86049300560291 /* FirebaseAuth */; };
		DC9C55FA2B86049300560291 /* FirebaseFirestore in Frameworks */ = {isa = PBXBuildFile; productRef = DC9C55F92B86049300560291 /* FirebaseFirestore */; };
		DC9C55FE2B86049300560291 /* FirebaseFirestoreSwift in Frameworks */ = {isa = PBXBuildFile; productRef = DC9C55FD2B86049300560291 /* FirebaseFirestoreSwift */; };
		DC9C56142B86049300560291 /* FirebaseStorage in Frameworks */ = {isa = PBXBuildFile; productRef = DC9C56132B86049300560291 /* FirebaseStorage */; };
		DCC87FC82B836832000D8921 /* RegistrationView.swift in Sources */ = {isa = PBXBuildFile; fileRef = DCC87FC72B836832000D8921 /* RegistrationView.swift */; };
		DCD035DF2B8BF1C200F555A8 /* UserService.swift in Sources */ = {isa = PBXBuildFile; fileRef = DCD035DE2B8BF1C200F555A8 /* UserService.swift */; };
		DCD035E32B8C933C00F555A8 /* InboxViewModel.swift in Sources */ = {isa = PBXBuildFile; fileRef = DCD035E22B8C933C00F555A8 /* InboxViewModel.swift */; };
		DCD035E72B8CB71800F555A8 /* NewMessageViewModel.swift in Sources */ = {isa = PBXBuildFile; fileRef = DCD035E62B8CB71800F555A8 /* NewMessageViewModel.swift */; };
		DCD035E92B8CE44B00F555A8 /* Message.swift in Sources */ = {isa = PBXBuildFile; fileRef = DCD035E82B8CE44B00F555A8 /* Message.swift */; };
		DCD035EB2B8CF7EF00F555A8 /* MessageService.swift in Sources */ = {isa = PBXBuildFile; fileRef = DCD035EA2B8CF7EF00F555A8 /* MessageService.swift */; };
		DCD035EF2B8D021C00F555A8 /* ChatViewModel.swift in Sources */ = {isa = PBXBuildFile; fileRef = DCD035EE2B8D021C00F555A8 /* ChatViewModel.swift */; };
		DCD74A652B86495B00B32794 /* LoginViewModel.swift in Sources */ = {isa = PBXBuildFile; fileRef = DCD74A642B86495B00B32794 /* LoginViewModel.swift */; };
		DCD74A672B86499600B32794 /* RegistrationViewModel.swift in Sources */ = {isa = PBXBuildFile; fileRef = DCD74A662B86499600B32794 /* RegistrationViewModel.swift */; };
		DCD74A692B8649C500B32794 /* AuthService.swift in Sources */ = {isa = PBXBuildFile; fileRef = DCD74A682B8649C500B32794 /* AuthService.swift */; };
		DCD74A6D2B8680CC00B32794 /* ContentViewModel.swift in Sources */ = {isa = PBXBuildFile; fileRef = DCD74A6C2B8680CC00B32794 /* ContentViewModel.swift */; };
/* End PBXBuildFile section */

/* Begin PBXFileReference section */
		DC3DD8062B8E1393005F7D7E /* ChatService.swift */ = {isa = PBXFileReference; lastKnownFileType = sourcecode.swift; path = ChatService.swift; sourceTree = "<group>"; };
		DC3DD8092B8E1524005F7D7E /* Constants.swift */ = {isa = PBXFileReference; lastKnownFileType = sourcecode.swift; path = Constants.swift; sourceTree = "<group>"; };
		DC40525E2B83B551008E2C96 /* InboxView.swift */ = {isa = PBXFileReference; lastKnownFileType = sourcecode.swift; path = InboxView.swift; sourceTree = "<group>"; };
		DC4052612B83B76E008E2C96 /* ActiveNowView.swift */ = {isa = PBXFileReference; lastKnownFileType = sourcecode.swift; path = ActiveNowView.swift; sourceTree = "<group>"; };
		DC4052632B83BC3E008E2C96 /* InboxRowView.swift */ = {isa = PBXFileReference; lastKnownFileType = sourcecode.swift; path = InboxRowView.swift; sourceTree = "<group>"; };
		DC4052662B83E33D008E2C96 /* NewMessageView.swift */ = {isa = PBXFileReference; lastKnownFileType = sourcecode.swift; path = NewMessageView.swift; sourceTree = "<group>"; };
		DC476CED2B6A64D3001541AF /* MessengerTutorial.app */ = {isa = PBXFileReference; explicitFileType = wrapper.application; includeInIndex = 0; path = MessengerTutorial.app; sourceTree = BUILT_PRODUCTS_DIR; };
		DC476CF02B6A64D3001541AF /* MessengerTutorialApp.swift */ = {isa = PBXFileReference; lastKnownFileType = sourcecode.swift; path = MessengerTutorialApp.swift; sourceTree = "<group>"; };
		DC476CF22B6A64D3001541AF /* ContentView.swift */ = {isa = PBXFileReference; lastKnownFileType = sourcecode.swift; path = ContentView.swift; sourceTree = "<group>"; };
		DC476CF42B6A64D4001541AF /* Assets.xcassets */ = {isa = PBXFileReference; lastKnownFileType = folder.assetcatalog; path = Assets.xcassets; sourceTree = "<group>"; };
		DC476CF72B6A64D4001541AF /* Preview Assets.xcassets */ = {isa = PBXFileReference; lastKnownFileType = folder.assetcatalog; path = "Preview Assets.xcassets"; sourceTree = "<group>"; };
		DC476D062B6A6660001541AF /* LoginView.swift */ = {isa = PBXFileReference; lastKnownFileType = sourcecode.swift; path = LoginView.swift; sourceTree = "<group>"; };
		DC9C55CC2B83EC4900560291 /* ProfileView.swift */ = {isa = PBXFileReference; lastKnownFileType = sourcecode.swift; path = ProfileView.swift; sourceTree = "<group>"; };
		DC9C55CE2B83F1F500560291 /* SettingsOptionsViewModel.swift */ = {isa = PBXFileReference; lastKnownFileType = sourcecode.swift; path = SettingsOptionsViewModel.swift; sourceTree = "<group>"; };
		DC9C55D02B84D61500560291 /* ProfileViewModel.swift */ = {isa = PBXFileReference; lastKnownFileType = sourcecode.swift; path = ProfileViewModel.swift; sourceTree = "<group>"; };
		DC9C55D22B85270E00560291 /* User.swift */ = {isa = PBXFileReference; lastKnownFileType = sourcecode.swift; path = User.swift; sourceTree = "<group>"; };
		DC9C55D52B854A2B00560291 /* CircularProfileImageView.swift */ = {isa = PBXFileReference; lastKnownFileType = sourcecode.swift; path = CircularProfileImageView.swift; sourceTree = "<group>"; };
		DC9C55D82B85EF1000560291 /* ChatView.swift */ = {isa = PBXFileReference; lastKnownFileType = sourcecode.swift; path = ChatView.swift; sourceTree = "<group>"; };
		DC9C55DA2B85F3B400560291 /* ChatMessageCell.swift */ = {isa = PBXFileReference; lastKnownFileType = sourcecode.swift; path = ChatMessageCell.swift; sourceTree = "<group>"; };
		DC9C55DC2B85FBE300560291 /* ChatBubble.swift */ = {isa = PBXFileReference; lastKnownFileType = sourcecode.swift; path = ChatBubble.swift; sourceTree = "<group>"; };
		DC9C55DE2B86036C00560291 /* GoogleService-Info.plist */ = {isa = PBXFileReference; fileEncoding = 4; lastKnownFileType = text.plist.xml; path = "GoogleService-Info.plist"; sourceTree = "<group>"; };
		DCC87FC72B836832000D8921 /* RegistrationView.swift */ = {isa = PBXFileReference; lastKnownFileType = sourcecode.swift; path = RegistrationView.swift; sourceTree = "<group>"; };
		DCD035DE2B8BF1C200F555A8 /* UserService.swift */ = {isa = PBXFileReference; lastKnownFileType = sourcecode.swift; path = UserService.swift; sourceTree = "<group>"; };
		DCD035E22B8C933C00F555A8 /* InboxViewModel.swift */ = {isa = PBXFileReference; lastKnownFileType = sourcecode.swift; path = InboxViewModel.swift; sourceTree = "<group>"; };
		DCD035E62B8CB71800F555A8 /* NewMessageViewModel.swift */ = {isa = PBXFileReference; lastKnownFileType = sourcecode.swift; path = NewMessageViewModel.swift; sourceTree = "<group>"; };
		DCD035E82B8CE44B00F555A8 /* Message.swift */ = {isa = PBXFileReference; lastKnownFileType = sourcecode.swift; path = Message.swift; sourceTree = "<group>"; };
		DCD035EA2B8CF7EF00F555A8 /* MessageService.swift */ = {isa = PBXFileReference; lastKnownFileType = sourcecode.swift; path = MessageService.swift; sourceTree = "<group>"; };
		DCD035EE2B8D021C00F555A8 /* ChatViewModel.swift */ = {isa = PBXFileReference; lastKnownFileType = sourcecode.swift; path = ChatViewModel.swift; sourceTree = "<group>"; };
		DCD74A642B86495B00B32794 /* LoginViewModel.swift */ = {isa = PBXFileReference; lastKnownFileType = sourcecode.swift; path = LoginViewModel.swift; sourceTree = "<group>"; };
		DCD74A662B86499600B32794 /* RegistrationViewModel.swift */ = {isa = PBXFileReference; lastKnownFileType = sourcecode.swift; path = RegistrationViewModel.swift; sourceTree = "<group>"; };
		DCD74A682B8649C500B32794 /* AuthService.swift */ = {isa = PBXFileReference; lastKnownFileType = sourcecode.swift; path = AuthService.swift; sourceTree = "<group>"; };
		DCD74A6C2B8680CC00B32794 /* ContentViewModel.swift */ = {isa = PBXFileReference; lastKnownFileType = sourcecode.swift; path = ContentViewModel.swift; sourceTree = "<group>"; };
/* End PBXFileReference section */

/* Begin PBXFrameworksBuildPhase section */
		DC476CEA2B6A64D3001541AF /* Frameworks */ = {
			isa = PBXFrameworksBuildPhase;
			buildActionMask = 2147483647;
			files = (
				DC9C55FA2B86049300560291 /* FirebaseFirestore in Frameworks */,
				DC9C55FE2B86049300560291 /* FirebaseFirestoreSwift in Frameworks */,
				DC9C55EE2B86049300560291 /* FirebaseAuth in Frameworks */,
				DC9C56142B86049300560291 /* FirebaseStorage in Frameworks */,
			);
			runOnlyForDeploymentPostprocessing = 0;
		};
/* End PBXFrameworksBuildPhase section */

/* Begin PBXGroup section */
		DC3DD8052B8E1387005F7D7E /* Service */ = {
			isa = PBXGroup;
			children = (
				DC3DD8062B8E1393005F7D7E /* ChatService.swift */,
			);
			path = Service;
			sourceTree = "<group>";
		};
		DC3DD8082B8E150C005F7D7E /* Utils */ = {
			isa = PBXGroup;
			children = (
				DC3DD8092B8E1524005F7D7E /* Constants.swift */,
			);
			path = Utils;
			sourceTree = "<group>";
		};
		DC40525D2B83B53F008E2C96 /* Inbox */ = {
			isa = PBXGroup;
			children = (
				DCD035E12B8C931A00F555A8 /* Views */,
				DCD035E02B8C931600F555A8 /* ViewModel */,
			);
			path = Inbox;
			sourceTree = "<group>";
		};
		DC4052602B83B747008E2C96 /* ActiveNow */ = {
			isa = PBXGroup;
			children = (
				DC4052612B83B76E008E2C96 /* ActiveNowView.swift */,
			);
			path = ActiveNow;
			sourceTree = "<group>";
		};
		DC4052652B83E2CF008E2C96 /* NewMessage */ = {
			isa = PBXGroup;
			children = (
				DCD035E52B8CB6F000F555A8 /* Views */,
				DCD035E42B8CB6EF00F555A8 /* ViewModels */,
			);
			path = NewMessage;
			sourceTree = "<group>";
		};
		DC476CE42B6A64D3001541AF = {
			isa = PBXGroup;
			children = (
				DC476CEF2B6A64D3001541AF /* MessengerTutorial */,
				DC476CEE2B6A64D3001541AF /* Products */,
			);
			sourceTree = "<group>";
		};
		DC476CEE2B6A64D3001541AF /* Products */ = {
			isa = PBXGroup;
			children = (
				DC476CED2B6A64D3001541AF /* MessengerTutorial.app */,
			);
			name = Products;
			sourceTree = "<group>";
		};
		DC476CEF2B6A64D3001541AF /* MessengerTutorial */ = {
			isa = PBXGroup;
			children = (
				DC476D022B6A65E1001541AF /* App */,
				DC476D012B6A65DE001541AF /* Extensions */,
				DC476D002B6A65DD001541AF /* Core */,
				DC476CFF2B6A65DB001541AF /* Model */,
				DC476CFE2B6A65DA001541AF /* Service */,
				DC3DD8082B8E150C005F7D7E /* Utils */,
				DC9C55DE2B86036C00560291 /* GoogleService-Info.plist */,
				DC476CF42B6A64D4001541AF /* Assets.xcassets */,
				DC476CF62B6A64D4001541AF /* Preview Content */,
			);
			path = MessengerTutorial;
			sourceTree = "<group>";
		};
		DC476CF62B6A64D4001541AF /* Preview Content */ = {
			isa = PBXGroup;
			children = (
				DC476CF72B6A64D4001541AF /* Preview Assets.xcassets */,
			);
			path = "Preview Content";
			sourceTree = "<group>";
		};
		DC476CFE2B6A65DA001541AF /* Service */ = {
			isa = PBXGroup;
			children = (
				DCD035DE2B8BF1C200F555A8 /* UserService.swift */,
				DCD035EA2B8CF7EF00F555A8 /* MessageService.swift */,
			);
			path = Service;
			sourceTree = "<group>";
		};
		DC476CFF2B6A65DB001541AF /* Model */ = {
			isa = PBXGroup;
			children = (
				DC9C55D22B85270E00560291 /* User.swift */,
				DCD035E82B8CE44B00F555A8 /* Message.swift */,
			);
			path = Model;
			sourceTree = "<group>";
		};
		DC476D002B6A65DD001541AF /* Core */ = {
			isa = PBXGroup;
			children = (
				DC476D042B6A661C001541AF /* Authentication */,
				DC4052602B83B747008E2C96 /* ActiveNow */,
				DC9C55D72B85EEF300560291 /* Chat */,
				DC9C55D42B854A0300560291 /* Components */,
				DC40525D2B83B53F008E2C96 /* Inbox */,
				DC4052652B83E2CF008E2C96 /* NewMessage */,
				DC9C55C92B83EB5B00560291 /* ProfileView */,
				DC476D032B6A6619001541AF /* Root */,
			);
			path = Core;
			sourceTree = "<group>";
		};
		DC476D012B6A65DE001541AF /* Extensions */ = {
			isa = PBXGroup;
			children = (
			);
			path = Extensions;
			sourceTree = "<group>";
		};
		DC476D022B6A65E1001541AF /* App */ = {
			isa = PBXGroup;
			children = (
				DC476CF02B6A64D3001541AF /* MessengerTutorialApp.swift */,
			);
			path = App;
			sourceTree = "<group>";
		};
		DC476D032B6A6619001541AF /* Root */ = {
			isa = PBXGroup;
			children = (
				DCD74A6B2B86809F00B32794 /* View */,
				DCD74A6A2B86809E00B32794 /* ViewModel */,
			);
			path = Root;
			sourceTree = "<group>";
		};
		DC476D042B6A661C001541AF /* Authentication */ = {
			isa = PBXGroup;
			children = (
				DCD74A632B86494100B32794 /* Service */,
				DCD74A622B86494000B32794 /* ViewModel */,
				DC476D052B6A6651001541AF /* View */,
			);
			path = Authentication;
			sourceTree = "<group>";
		};
		DC476D052B6A6651001541AF /* View */ = {
			isa = PBXGroup;
			children = (
				DC476D062B6A6660001541AF /* LoginView.swift */,
				DCC87FC72B836832000D8921 /* RegistrationView.swift */,
			);
			path = View;
			sourceTree = "<group>";
		};
		DC9C55C92B83EB5B00560291 /* ProfileView */ = {
			isa = PBXGroup;
			children = (
				DC9C55CB2B83EC2C00560291 /* View */,
				DC9C55CA2B83EC2900560291 /* ViewModel */,
			);
			path = ProfileView;
			sourceTree = "<group>";
		};
		DC9C55CA2B83EC2900560291 /* ViewModel */ = {
			isa = PBXGroup;
			children = (
				DC9C55CE2B83F1F500560291 /* SettingsOptionsViewModel.swift */,
				DC9C55D02B84D61500560291 /* ProfileViewModel.swift */,
			);
			path = ViewModel;
			sourceTree = "<group>";
		};
		DC9C55CB2B83EC2C00560291 /* View */ = {
			isa = PBXGroup;
			children = (
				DC9C55CC2B83EC4900560291 /* ProfileView.swift */,
			);
			path = View;
			sourceTree = "<group>";
		};
		DC9C55D42B854A0300560291 /* Components */ = {
			isa = PBXGroup;
			children = (
				DC9C55D52B854A2B00560291 /* CircularProfileImageView.swift */,
			);
			path = Components;
			sourceTree = "<group>";
		};
		DC9C55D72B85EEF300560291 /* Chat */ = {
			isa = PBXGroup;
			children = (
				DC3DD8052B8E1387005F7D7E /* Service */,
				DCD035ED2B8D01F000F555A8 /* View */,
				DCD035EC2B8D01EF00F555A8 /* ViewModels */,
			);
			path = Chat;
			sourceTree = "<group>";
		};
		DCD035E02B8C931600F555A8 /* ViewModel */ = {
			isa = PBXGroup;
			children = (
				DCD035E22B8C933C00F555A8 /* InboxViewModel.swift */,
			);
			path = ViewModel;
			sourceTree = "<group>";
		};
		DCD035E12B8C931A00F555A8 /* Views */ = {
			isa = PBXGroup;
			children = (
				DC40525E2B83B551008E2C96 /* InboxView.swift */,
				DC4052632B83BC3E008E2C96 /* InboxRowView.swift */,
			);
			path = Views;
			sourceTree = "<group>";
		};
		DCD035E42B8CB6EF00F555A8 /* ViewModels */ = {
			isa = PBXGroup;
			children = (
				DCD035E62B8CB71800F555A8 /* NewMessageViewModel.swift */,
			);
			path = ViewModels;
			sourceTree = "<group>";
		};
		DCD035E52B8CB6F000F555A8 /* Views */ = {
			isa = PBXGroup;
			children = (
				DC4052662B83E33D008E2C96 /* NewMessageView.swift */,
			);
			path = Views;
			sourceTree = "<group>";
		};
		DCD035EC2B8D01EF00F555A8 /* ViewModels */ = {
			isa = PBXGroup;
			children = (
				DCD035EE2B8D021C00F555A8 /* ChatViewModel.swift */,
			);
			path = ViewModels;
			sourceTree = "<group>";
		};
		DCD035ED2B8D01F000F555A8 /* View */ = {
			isa = PBXGroup;
			children = (
				DC9C55D82B85EF1000560291 /* ChatView.swift */,
				DC9C55DA2B85F3B400560291 /* ChatMessageCell.swift */,
				DC9C55DC2B85FBE300560291 /* ChatBubble.swift */,
			);
			path = View;
			sourceTree = "<group>";
		};
		DCD74A622B86494000B32794 /* ViewModel */ = {
			isa = PBXGroup;
			children = (
				DCD74A642B86495B00B32794 /* LoginViewModel.swift */,
				DCD74A662B86499600B32794 /* RegistrationViewModel.swift */,
			);
			path = ViewModel;
			sourceTree = "<group>";
		};
		DCD74A632B86494100B32794 /* Service */ = {
			isa = PBXGroup;
			children = (
				DCD74A682B8649C500B32794 /* AuthService.swift */,
			);
			path = Service;
			sourceTree = "<group>";
		};
		DCD74A6A2B86809E00B32794 /* ViewModel */ = {
			isa = PBXGroup;
			children = (
				DCD74A6C2B8680CC00B32794 /* ContentViewModel.swift */,
			);
			path = ViewModel;
			sourceTree = "<group>";
		};
		DCD74A6B2B86809F00B32794 /* View */ = {
			isa = PBXGroup;
			children = (
				DC476CF22B6A64D3001541AF /* ContentView.swift */,
			);
			path = View;
			sourceTree = "<group>";
		};
/* End PBXGroup section */

/* Begin PBXNativeTarget section */
		DC476CEC2B6A64D3001541AF /* MessengerTutorial */ = {
			isa = PBXNativeTarget;
			buildConfigurationList = DC476CFB2B6A64D4001541AF /* Build configuration list for PBXNativeTarget "MessengerTutorial" */;
			buildPhases = (
				DC476CE92B6A64D3001541AF /* Sources */,
				DC476CEA2B6A64D3001541AF /* Frameworks */,
				DC476CEB2B6A64D3001541AF /* Resources */,
			);
			buildRules = (
			);
			dependencies = (
			);
			name = MessengerTutorial;
			packageProductDependencies = (
				DC9C55ED2B86049300560291 /* FirebaseAuth */,
				DC9C55F92B86049300560291 /* FirebaseFirestore */,
				DC9C55FD2B86049300560291 /* FirebaseFirestoreSwift */,
				DC9C56132B86049300560291 /* FirebaseStorage */,
			);
			productName = MessengerTutorial;
			productReference = DC476CED2B6A64D3001541AF /* MessengerTutorial.app */;
			productType = "com.apple.product-type.application";
		};
/* End PBXNativeTarget section */

/* Begin PBXProject section */
		DC476CE52B6A64D3001541AF /* Project object */ = {
			isa = PBXProject;
			attributes = {
				BuildIndependentTargetsInParallel = 1;
				LastSwiftUpdateCheck = 1520;
				LastUpgradeCheck = 1520;
				TargetAttributes = {
					DC476CEC2B6A64D3001541AF = {
						CreatedOnToolsVersion = 15.2;
					};
				};
			};
			buildConfigurationList = DC476CE82B6A64D3001541AF /* Build configuration list for PBXProject "MessengerTutorial" */;
			compatibilityVersion = "Xcode 14.0";
			developmentRegion = en;
			hasScannedForEncodings = 0;
			knownRegions = (
				en,
				Base,
			);
			mainGroup = DC476CE42B6A64D3001541AF;
			packageReferences = (
				DC9C55E02B86049300560291 /* XCRemoteSwiftPackageReference "firebase-ios-sdk" */,
			);
			productRefGroup = DC476CEE2B6A64D3001541AF /* Products */;
			projectDirPath = "";
			projectRoot = "";
			targets = (
				DC476CEC2B6A64D3001541AF /* MessengerTutorial */,
			);
		};
/* End PBXProject section */

/* Begin PBXResourcesBuildPhase section */
		DC476CEB2B6A64D3001541AF /* Resources */ = {
			isa = PBXResourcesBuildPhase;
			buildActionMask = 2147483647;
			files = (
				DC476CF82B6A64D4001541AF /* Preview Assets.xcassets in Resources */,
				DC476CF52B6A64D4001541AF /* Assets.xcassets in Resources */,
				DC9C55DF2B86036C00560291 /* GoogleService-Info.plist in Resources */,
			);
			runOnlyForDeploymentPostprocessing = 0;
		};
/* End PBXResourcesBuildPhase section */

/* Begin PBXSourcesBuildPhase section */
		DC476CE92B6A64D3001541AF /* Sources */ = {
			isa = PBXSourcesBuildPhase;
			buildActionMask = 2147483647;
			files = (
				DCD035EF2B8D021C00F555A8 /* ChatViewModel.swift in Sources */,
				DC4052642B83BC3E008E2C96 /* InboxRowView.swift in Sources */,
				DCD035E32B8C933C00F555A8 /* InboxViewModel.swift in Sources */,
				DCD74A672B86499600B32794 /* RegistrationViewModel.swift in Sources */,
				DC9C55CD2B83EC4900560291 /* ProfileView.swift in Sources */,
				DC4052672B83E33D008E2C96 /* NewMessageView.swift in Sources */,
				DCD74A6D2B8680CC00B32794 /* ContentViewModel.swift in Sources */,
				DC476D072B6A6660001541AF /* LoginView.swift in Sources */,
				DC9C55D92B85EF1000560291 /* ChatView.swift in Sources */,
				DCD74A692B8649C500B32794 /* AuthService.swift in Sources */,
				DC476CF32B6A64D3001541AF /* ContentView.swift in Sources */,
				DC3DD80A2B8E1524005F7D7E /* Constants.swift in Sources */,
				DC9C55DB2B85F3B400560291 /* ChatMessageCell.swift in Sources */,
				DC9C55DD2B85FBE300560291 /* ChatBubble.swift in Sources */,
				DC9C55D62B854A2B00560291 /* CircularProfileImageView.swift in Sources */,
				DC3DD8072B8E1393005F7D7E /* ChatService.swift in Sources */,
				DC40525F2B83B551008E2C96 /* InboxView.swift in Sources */,
				DCD74A652B86495B00B32794 /* LoginViewModel.swift in Sources */,
				DCD035E72B8CB71800F555A8 /* NewMessageViewModel.swift in Sources */,
				DCD035DF2B8BF1C200F555A8 /* UserService.swift in Sources */,
				DC4052622B83B76E008E2C96 /* ActiveNowView.swift in Sources */,
				DC9C55D12B84D61500560291 /* ProfileViewModel.swift in Sources */,
				DC9C55D32B85270E00560291 /* User.swift in Sources */,
				DCD035EB2B8CF7EF00F555A8 /* MessageService.swift in Sources */,
				DC476CF12B6A64D3001541AF /* MessengerTutorialApp.swift in Sources */,
				DCD035E92B8CE44B00F555A8 /* Message.swift in Sources */,
				DC9C55CF2B83F1F500560291 /* SettingsOptionsViewModel.swift in Sources */,
				DCC87FC82B836832000D8921 /* RegistrationView.swift in Sources */,
			);
			runOnlyForDeploymentPostprocessing = 0;
		};
/* End PBXSourcesBuildPhase section */

/* Begin XCBuildConfiguration section */
		DC476CF92B6A64D4001541AF /* Debug */ = {
			isa = XCBuildConfiguration;
			buildSettings = {
				ALWAYS_SEARCH_USER_PATHS = NO;
				ASSETCATALOG_COMPILER_GENERATE_SWIFT_ASSET_SYMBOL_EXTENSIONS = YES;
				CLANG_ANALYZER_NONNULL = YES;
				CLANG_ANALYZER_NUMBER_OBJECT_CONVERSION = YES_AGGRESSIVE;
				CLANG_CXX_LANGUAGE_STANDARD = "gnu++20";
				CLANG_ENABLE_MODULES = YES;
				CLANG_ENABLE_OBJC_ARC = YES;
				CLANG_ENABLE_OBJC_WEAK = YES;
				CLANG_WARN_BLOCK_CAPTURE_AUTORELEASING = YES;
				CLANG_WARN_BOOL_CONVERSION = YES;
				CLANG_WARN_COMMA = YES;
				CLANG_WARN_CONSTANT_CONVERSION = YES;
				CLANG_WARN_DEPRECATED_OBJC_IMPLEMENTATIONS = YES;
				CLANG_WARN_DIRECT_OBJC_ISA_USAGE = YES_ERROR;
				CLANG_WARN_DOCUMENTATION_COMMENTS = YES;
				CLANG_WARN_EMPTY_BODY = YES;
				CLANG_WARN_ENUM_CONVERSION = YES;
				CLANG_WARN_INFINITE_RECURSION = YES;
				CLANG_WARN_INT_CONVERSION = YES;
				CLANG_WARN_NON_LITERAL_NULL_CONVERSION = YES;
				CLANG_WARN_OBJC_IMPLICIT_RETAIN_SELF = YES;
				CLANG_WARN_OBJC_LITERAL_CONVERSION = YES;
				CLANG_WARN_OBJC_ROOT_CLASS = YES_ERROR;
				CLANG_WARN_QUOTED_INCLUDE_IN_FRAMEWORK_HEADER = YES;
				CLANG_WARN_RANGE_LOOP_ANALYSIS = YES;
				CLANG_WARN_STRICT_PROTOTYPES = YES;
				CLANG_WARN_SUSPICIOUS_MOVE = YES;
				CLANG_WARN_UNGUARDED_AVAILABILITY = YES_AGGRESSIVE;
				CLANG_WARN_UNREACHABLE_CODE = YES;
				CLANG_WARN__DUPLICATE_METHOD_MATCH = YES;
				COPY_PHASE_STRIP = NO;
				DEBUG_INFORMATION_FORMAT = dwarf;
				ENABLE_STRICT_OBJC_MSGSEND = YES;
				ENABLE_TESTABILITY = YES;
				ENABLE_USER_SCRIPT_SANDBOXING = YES;
				GCC_C_LANGUAGE_STANDARD = gnu17;
				GCC_DYNAMIC_NO_PIC = NO;
				GCC_NO_COMMON_BLOCKS = YES;
				GCC_OPTIMIZATION_LEVEL = 0;
				GCC_PREPROCESSOR_DEFINITIONS = (
					"DEBUG=1",
					"$(inherited)",
				);
				GCC_WARN_64_TO_32_BIT_CONVERSION = YES;
				GCC_WARN_ABOUT_RETURN_TYPE = YES_ERROR;
				GCC_WARN_UNDECLARED_SELECTOR = YES;
				GCC_WARN_UNINITIALIZED_AUTOS = YES_AGGRESSIVE;
				GCC_WARN_UNUSED_FUNCTION = YES;
				GCC_WARN_UNUSED_VARIABLE = YES;
				IPHONEOS_DEPLOYMENT_TARGET = 17.2;
				LOCALIZATION_PREFERS_STRING_CATALOGS = YES;
				MTL_ENABLE_DEBUG_INFO = INCLUDE_SOURCE;
				MTL_FAST_MATH = YES;
				ONLY_ACTIVE_ARCH = YES;
				SDKROOT = iphoneos;
				SWIFT_ACTIVE_COMPILATION_CONDITIONS = "DEBUG $(inherited)";
				SWIFT_OPTIMIZATION_LEVEL = "-Onone";
			};
			name = Debug;
		};
		DC476CFA2B6A64D4001541AF /* Release */ = {
			isa = XCBuildConfiguration;
			buildSettings = {
				ALWAYS_SEARCH_USER_PATHS = NO;
				ASSETCATALOG_COMPILER_GENERATE_SWIFT_ASSET_SYMBOL_EXTENSIONS = YES;
				CLANG_ANALYZER_NONNULL = YES;
				CLANG_ANALYZER_NUMBER_OBJECT_CONVERSION = YES_AGGRESSIVE;
				CLANG_CXX_LANGUAGE_STANDARD = "gnu++20";
				CLANG_ENABLE_MODULES = YES;
				CLANG_ENABLE_OBJC_ARC = YES;
				CLANG_ENABLE_OBJC_WEAK = YES;
				CLANG_WARN_BLOCK_CAPTURE_AUTORELEASING = YES;
				CLANG_WARN_BOOL_CONVERSION = YES;
				CLANG_WARN_COMMA = YES;
				CLANG_WARN_CONSTANT_CONVERSION = YES;
				CLANG_WARN_DEPRECATED_OBJC_IMPLEMENTATIONS = YES;
				CLANG_WARN_DIRECT_OBJC_ISA_USAGE = YES_ERROR;
				CLANG_WARN_DOCUMENTATION_COMMENTS = YES;
				CLANG_WARN_EMPTY_BODY = YES;
				CLANG_WARN_ENUM_CONVERSION = YES;
				CLANG_WARN_INFINITE_RECURSION = YES;
				CLANG_WARN_INT_CONVERSION = YES;
				CLANG_WARN_NON_LITERAL_NULL_CONVERSION = YES;
				CLANG_WARN_OBJC_IMPLICIT_RETAIN_SELF = YES;
				CLANG_WARN_OBJC_LITERAL_CONVERSION = YES;
				CLANG_WARN_OBJC_ROOT_CLASS = YES_ERROR;
				CLANG_WARN_QUOTED_INCLUDE_IN_FRAMEWORK_HEADER = YES;
				CLANG_WARN_RANGE_LOOP_ANALYSIS = YES;
				CLANG_WARN_STRICT_PROTOTYPES = YES;
				CLANG_WARN_SUSPICIOUS_MOVE = YES;
				CLANG_WARN_UNGUARDED_AVAILABILITY = YES_AGGRESSIVE;
				CLANG_WARN_UNREACHABLE_CODE = YES;
				CLANG_WARN__DUPLICATE_METHOD_MATCH = YES;
				COPY_PHASE_STRIP = NO;
				DEBUG_INFORMATION_FORMAT = "dwarf-with-dsym";
				ENABLE_NS_ASSERTIONS = NO;
				ENABLE_STRICT_OBJC_MSGSEND = YES;
				ENABLE_USER_SCRIPT_SANDBOXING = YES;
				GCC_C_LANGUAGE_STANDARD = gnu17;
				GCC_NO_COMMON_BLOCKS = YES;
				GCC_WARN_64_TO_32_BIT_CONVERSION = YES;
				GCC_WARN_ABOUT_RETURN_TYPE = YES_ERROR;
				GCC_WARN_UNDECLARED_SELECTOR = YES;
				GCC_WARN_UNINITIALIZED_AUTOS = YES_AGGRESSIVE;
				GCC_WARN_UNUSED_FUNCTION = YES;
				GCC_WARN_UNUSED_VARIABLE = YES;
				IPHONEOS_DEPLOYMENT_TARGET = 17.2;
				LOCALIZATION_PREFERS_STRING_CATALOGS = YES;
				MTL_ENABLE_DEBUG_INFO = NO;
				MTL_FAST_MATH = YES;
				SDKROOT = iphoneos;
				SWIFT_COMPILATION_MODE = wholemodule;
				VALIDATE_PRODUCT = YES;
			};
			name = Release;
		};
		DC476CFC2B6A64D4001541AF /* Debug */ = {
			isa = XCBuildConfiguration;
			buildSettings = {
				ASSETCATALOG_COMPILER_APPICON_NAME = AppIcon;
				ASSETCATALOG_COMPILER_GLOBAL_ACCENT_COLOR_NAME = AccentColor;
				CODE_SIGN_STYLE = Automatic;
				CURRENT_PROJECT_VERSION = 1;
				DEVELOPMENT_ASSET_PATHS = "\"MessengerTutorial/Preview Content\"";
				DEVELOPMENT_TEAM = PS8T79M5Q3;
				ENABLE_PREVIEWS = YES;
				GENERATE_INFOPLIST_FILE = YES;
				INFOPLIST_KEY_UIApplicationSceneManifest_Generation = YES;
				INFOPLIST_KEY_UIApplicationSupportsIndirectInputEvents = YES;
				INFOPLIST_KEY_UILaunchScreen_Generation = YES;
				INFOPLIST_KEY_UISupportedInterfaceOrientations_iPad = "UIInterfaceOrientationPortrait UIInterfaceOrientationPortraitUpsideDown UIInterfaceOrientationLandscapeLeft UIInterfaceOrientationLandscapeRight";
				INFOPLIST_KEY_UISupportedInterfaceOrientations_iPhone = "UIInterfaceOrientationPortrait UIInterfaceOrientationLandscapeLeft UIInterfaceOrientationLandscapeRight";
				IPHONEOS_DEPLOYMENT_TARGET = 17.1;
				LD_RUNPATH_SEARCH_PATHS = (
					"$(inherited)",
					"@executable_path/Frameworks",
				);
				MARKETING_VERSION = 1.0;
				PRODUCT_BUNDLE_IDENTIFIER = com.vefakosova.MessengerTutorial;
				PRODUCT_NAME = "$(TARGET_NAME)";
				SWIFT_EMIT_LOC_STRINGS = YES;
				SWIFT_VERSION = 5.0;
				TARGETED_DEVICE_FAMILY = "1,2";
			};
			name = Debug;
		};
		DC476CFD2B6A64D4001541AF /* Release */ = {
			isa = XCBuildConfiguration;
			buildSettings = {
				ASSETCATALOG_COMPILER_APPICON_NAME = AppIcon;
				ASSETCATALOG_COMPILER_GLOBAL_ACCENT_COLOR_NAME = AccentColor;
				CODE_SIGN_STYLE = Automatic;
				CURRENT_PROJECT_VERSION = 1;
				DEVELOPMENT_ASSET_PATHS = "\"MessengerTutorial/Preview Content\"";
				DEVELOPMENT_TEAM = PS8T79M5Q3;
				ENABLE_PREVIEWS = YES;
				GENERATE_INFOPLIST_FILE = YES;
				INFOPLIST_KEY_UIApplicationSceneManifest_Generation = YES;
				INFOPLIST_KEY_UIApplicationSupportsIndirectInputEvents = YES;
				INFOPLIST_KEY_UILaunchScreen_Generation = YES;
				INFOPLIST_KEY_UISupportedInterfaceOrientations_iPad = "UIInterfaceOrientationPortrait UIInterfaceOrientationPortraitUpsideDown UIInterfaceOrientationLandscapeLeft UIInterfaceOrientationLandscapeRight";
				INFOPLIST_KEY_UISupportedInterfaceOrientations_iPhone = "UIInterfaceOrientationPortrait UIInterfaceOrientationLandscapeLeft UIInterfaceOrientationLandscapeRight";
				IPHONEOS_DEPLOYMENT_TARGET = 17.1;
				LD_RUNPATH_SEARCH_PATHS = (
					"$(inherited)",
					"@executable_path/Frameworks",
				);
				MARKETING_VERSION = 1.0;
				PRODUCT_BUNDLE_IDENTIFIER = com.vefakosova.MessengerTutorial;
				PRODUCT_NAME = "$(TARGET_NAME)";
				SWIFT_EMIT_LOC_STRINGS = YES;
				SWIFT_VERSION = 5.0;
				TARGETED_DEVICE_FAMILY = "1,2";
			};
			name = Release;
		};
/* End XCBuildConfiguration section */

/* Begin XCConfigurationList section */
		DC476CE82B6A64D3001541AF /* Build configuration list for PBXProject "MessengerTutorial" */ = {
			isa = XCConfigurationList;
			buildConfigurations = (
				DC476CF92B6A64D4001541AF /* Debug */,
				DC476CFA2B6A64D4001541AF /* Release */,
			);
			defaultConfigurationIsVisible = 0;
			defaultConfigurationName = Release;
		};
		DC476CFB2B6A64D4001541AF /* Build configuration list for PBXNativeTarget "MessengerTutorial" */ = {
			isa = XCConfigurationList;
			buildConfigurations = (
				DC476CFC2B6A64D4001541AF /* Debug */,
				DC476CFD2B6A64D4001541AF /* Release */,
			);
			defaultConfigurationIsVisible = 0;
			defaultConfigurationName = Release;
		};
/* End XCConfigurationList section */

/* Begin XCRemoteSwiftPackageReference section */
		DC9C55E02B86049300560291 /* XCRemoteSwiftPackageReference "firebase-ios-sdk" */ = {
			isa = XCRemoteSwiftPackageReference;
			repositoryURL = "https://github.com/firebase/firebase-ios-sdk";
			requirement = {
				kind = upToNextMajorVersion;
				minimumVersion = 10.21.0;
			};
		};
/* End XCRemoteSwiftPackageReference section */

/* Begin XCSwiftPackageProductDependency section */
		DC9C55ED2B86049300560291 /* FirebaseAuth */ = {
			isa = XCSwiftPackageProductDependency;
			package = DC9C55E02B86049300560291 /* XCRemoteSwiftPackageReference "firebase-ios-sdk" */;
			productName = FirebaseAuth;
		};
		DC9C55F92B86049300560291 /* FirebaseFirestore */ = {
			isa = XCSwiftPackageProductDependency;
			package = DC9C55E02B86049300560291 /* XCRemoteSwiftPackageReference "firebase-ios-sdk" */;
			productName = FirebaseFirestore;
		};
		DC9C55FD2B86049300560291 /* FirebaseFirestoreSwift */ = {
			isa = XCSwiftPackageProductDependency;
			package = DC9C55E02B86049300560291 /* XCRemoteSwiftPackageReference "firebase-ios-sdk" */;
			productName = FirebaseFirestoreSwift;
		};
		DC9C56132B86049300560291 /* FirebaseStorage */ = {
			isa = XCSwiftPackageProductDependency;
			package = DC9C55E02B86049300560291 /* XCRemoteSwiftPackageReference "firebase-ios-sdk" */;
			productName = FirebaseStorage;
		};
/* End XCSwiftPackageProductDependency section */
	};
	rootObject = DC476CE52B6A64D3001541AF /* Project object */;
}
